
Microsoft Visual Studio Solution File, Format Version 12.00
# Visual Studio Version 17
VisualStudioVersion = 17.0.31903.59
MinimumVisualStudioVersion = 10.0.40219.1
Project("{FAE04EC0-301F-11D3-BF4B-00C04F79EFBC}") = "API", "API\API.csproj", "{EFB5B501-93F3-4DFC-973B-28B89BEDB789}"
EndProject
Project("{FAE04EC0-301F-11D3-BF4B-00C04F79EFBC}") = "Core", "Core\Core.csproj", "{AC601C16-263A-4AC2-A0FE-AB3C7A4E36DC}"
EndProject
Project("{FAE04EC0-301F-11D3-BF4B-00C04F79EFBC}") = "Infrastructure", "Infrastructure\Infrastructure.csproj", "{333745E6-633A-4716-B175-ACE27E08E122}"
EndProject
Project("{FAE04EC0-301F-11D3-BF4B-00C04F79EFBC}") = "Tests", "Tests\Tests.csproj", "{517B2E6B-5C07-4396-A92C-20A98635D85B}"
EndProject
Global
	GlobalSection(SolutionConfigurationPlatforms) = preSolution
		Debug|Any CPU = Debug|Any CPU
		Debug|x64 = Debug|x64
		Debug|x86 = Debug|x86
		Release|Any CPU = Release|Any CPU
		Release|x64 = Release|x64
		Release|x86 = Release|x86
	EndGlobalSection
	GlobalSection(ProjectConfigurationPlatforms) = postSolution
		{EFB5B501-93F3-4DFC-973B-28B89BEDB789}.Debug|Any CPU.ActiveCfg = Debug|Any CPU
		{EFB5B501-93F3-4DFC-973B-28B89BEDB789}.Debug|Any CPU.Build.0 = Debug|Any CPU
		{EFB5B501-93F3-4DFC-973B-28B89BEDB789}.Debug|x64.ActiveCfg = Debug|Any CPU
		{EFB5B501-93F3-4DFC-973B-28B89BEDB789}.Debug|x64.Build.0 = Debug|Any CPU
		{EFB5B501-93F3-4DFC-973B-28B89BEDB789}.Debug|x86.ActiveCfg = Debug|Any CPU
		{EFB5B501-93F3-4DFC-973B-28B89BEDB789}.Debug|x86.Build.0 = Debug|Any CPU
		{EFB5B501-93F3-4DFC-973B-28B89BEDB789}.Release|Any CPU.ActiveCfg = Release|Any CPU
		{EFB5B501-93F3-4DFC-973B-28B89BEDB789}.Release|Any CPU.Build.0 = Release|Any CPU
		{EFB5B501-93F3-4DFC-973B-28B89BEDB789}.Release|x64.ActiveCfg = Release|Any CPU
		{EFB5B501-93F3-4DFC-973B-28B89BEDB789}.Release|x64.Build.0 = Release|Any CPU
		{EFB5B501-93F3-4DFC-973B-28B89BEDB789}.Release|x86.ActiveCfg = Release|Any CPU
		{EFB5B501-93F3-4DFC-973B-28B89BEDB789}.Release|x86.Build.0 = Release|Any CPU
		{AC601C16-263A-4AC2-A0FE-AB3C7A4E36DC}.Debug|Any CPU.ActiveCfg = Debug|Any CPU
		{AC601C16-263A-4AC2-A0FE-AB3C7A4E36DC}.Debug|Any CPU.Build.0 = Debug|Any CPU
		{AC601C16-263A-4AC2-A0FE-AB3C7A4E36DC}.Debug|x64.ActiveCfg = Debug|Any CPU
		{AC601C16-263A-4AC2-A0FE-AB3C7A4E36DC}.Debug|x64.Build.0 = Debug|Any CPU
		{AC601C16-263A-4AC2-A0FE-AB3C7A4E36DC}.Debug|x86.ActiveCfg = Debug|Any CPU
		{AC601C16-263A-4AC2-A0FE-AB3C7A4E36DC}.Debug|x86.Build.0 = Debug|Any CPU
		{AC601C16-263A-4AC2-A0FE-AB3C7A4E36DC}.Release|Any CPU.ActiveCfg = Release|Any CPU
		{AC601C16-263A-4AC2-A0FE-AB3C7A4E36DC}.Release|Any CPU.Build.0 = Release|Any CPU
		{AC601C16-263A-4AC2-A0FE-AB3C7A4E36DC}.Release|x64.ActiveCfg = Release|Any CPU
		{AC601C16-263A-4AC2-A0FE-AB3C7A4E36DC}.Release|x64.Build.0 = Release|Any CPU
		{AC601C16-263A-4AC2-A0FE-AB3C7A4E36DC}.Release|x86.ActiveCfg = Release|Any CPU
		{AC601C16-263A-4AC2-A0FE-AB3C7A4E36DC}.Release|x86.Build.0 = Release|Any CPU
		{333745E6-633A-4716-B175-ACE27E08E122}.Debug|Any CPU.ActiveCfg = Debug|Any CPU
		{333745E6-633A-4716-B175-ACE27E08E122}.Debug|Any CPU.Build.0 = Debug|Any CPU
		{333745E6-633A-4716-B175-ACE27E08E122}.Debug|x64.ActiveCfg = Debug|Any CPU
		{333745E6-633A-4716-B175-ACE27E08E122}.Debug|x64.Build.0 = Debug|Any CPU
		{333745E6-633A-4716-B175-ACE27E08E122}.Debug|x86.ActiveCfg = Debug|Any CPU
		{333745E6-633A-4716-B175-ACE27E08E122}.Debug|x86.Build.0 = Debug|Any CPU
		{333745E6-633A-4716-B175-ACE27E08E122}.Release|Any CPU.ActiveCfg = Release|Any CPU
		{333745E6-633A-4716-B175-ACE27E08E122}.Release|Any CPU.Build.0 = Release|Any CPU
		{333745E6-633A-4716-B175-ACE27E08E122}.Release|x64.ActiveCfg = Release|Any CPU
		{333745E6-633A-4716-B175-ACE27E08E122}.Release|x64.Build.0 = Release|Any CPU
		{333745E6-633A-4716-B175-ACE27E08E122}.Release|x86.ActiveCfg = Release|Any CPU
		{333745E6-633A-4716-B175-ACE27E08E122}.Release|x86.Build.0 = Release|Any CPU
		{517B2E6B-5C07-4396-A92C-20A98635D85B}.Debug|Any CPU.ActiveCfg = Debug|Any CPU
		{517B2E6B-5C07-4396-A92C-20A98635D85B}.Debug|Any CPU.Build.0 = Debug|Any CPU
		{517B2E6B-5C07-4396-A92C-20A98635D85B}.Debug|x64.ActiveCfg = Debug|Any CPU
		{517B2E6B-5C07-4396-A92C-20A98635D85B}.Debug|x64.Build.0 = Debug|Any CPU
		{517B2E6B-5C07-4396-A92C-20A98635D85B}.Debug|x86.ActiveCfg = Debug|Any CPU
		{517B2E6B-5C07-4396-A92C-20A98635D85B}.Debug|x86.Build.0 = Debug|Any CPU
		{517B2E6B-5C07-4396-A92C-20A98635D85B}.Release|Any CPU.ActiveCfg = Release|Any CPU
		{517B2E6B-5C07-4396-A92C-20A98635D85B}.Release|Any CPU.Build.0 = Release|Any CPU
		{517B2E6B-5C07-4396-A92C-20A98635D85B}.Release|x64.ActiveCfg = Release|Any CPU
		{517B2E6B-5C07-4396-A92C-20A98635D85B}.Release|x64.Build.0 = Release|Any CPU
		{517B2E6B-5C07-4396-A92C-20A98635D85B}.Release|x86.ActiveCfg = Release|Any CPU
		{517B2E6B-5C07-4396-A92C-20A98635D85B}.Release|x86.Build.0 = Release|Any CPU
	EndGlobalSection
	GlobalSection(SolutionProperties) = preSolution
		HideSolutionNode = FALSE
	EndGlobalSection
EndGlobal
